// !$*UTF8*$!
{
	archiveVersion = 1;
	classes = {
	};
	objectVersion = 56;
	objects = {

/* Begin PBXBuildFile section */
		F053572B298EEB4200350588 /* News.swift in Sources */ = {isa = PBXBuildFile; fileRef = F053572A298EEB4200350588 /* News.swift */; };
		F053572D298EFD9B00350588 /* NewsViewController.swift in Sources */ = {isa = PBXBuildFile; fileRef = F053572C298EFD9B00350588 /* NewsViewController.swift */; };
		F0AE4B3D298ED93D00D570C2 /* AppDelegate.swift in Sources */ = {isa = PBXBuildFile; fileRef = F0AE4B3C298ED93D00D570C2 /* AppDelegate.swift */; };
		F0AE4B3F298ED93D00D570C2 /* SceneDelegate.swift in Sources */ = {isa = PBXBuildFile; fileRef = F0AE4B3E298ED93D00D570C2 /* SceneDelegate.swift */; };
		F0AE4B44298ED93D00D570C2 /* Main.storyboard in Resources */ = {isa = PBXBuildFile; fileRef = F0AE4B42298ED93D00D570C2 /* Main.storyboard */; };
		F0AE4B46298ED93D00D570C2 /* Assets.xcassets in Resources */ = {isa = PBXBuildFile; fileRef = F0AE4B45298ED93D00D570C2 /* Assets.xcassets */; };
		F0AE4B49298ED93D00D570C2 /* LaunchScreen.storyboard in Resources */ = {isa = PBXBuildFile; fileRef = F0AE4B47298ED93D00D570C2 /* LaunchScreen.storyboard */; };
/* End PBXBuildFile section */

/* Begin PBXFileReference section */
		F053572A298EEB4200350588 /* News.swift */ = {isa = PBXFileReference; lastKnownFileType = sourcecode.swift; path = News.swift; sourceTree = "<group>"; };
		F053572C298EFD9B00350588 /* NewsViewController.swift */ = {isa = PBXFileReference; lastKnownFileType = sourcecode.swift; path = NewsViewController.swift; sourceTree = "<group>"; };
		F0AE4B39298ED93D00D570C2 /* intro-lab-rororu.app */ = {isa = PBXFileReference; explicitFileType = wrapper.application; includeInIndex = 0; path = "intro-lab-rororu.app"; sourceTree = BUILT_PRODUCTS_DIR; };
		F0AE4B3C298ED93D00D570C2 /* AppDelegate.swift */ = {isa = PBXFileReference; lastKnownFileType = sourcecode.swift; path = AppDelegate.swift; sourceTree = "<group>"; };
		F0AE4B3E298ED93D00D570C2 /* SceneDelegate.swift */ = {isa = PBXFileReference; lastKnownFileType = sourcecode.swift; path = SceneDelegate.swift; sourceTree = "<group>"; };
		F0AE4B43298ED93D00D570C2 /* Base */ = {isa = PBXFileReference; lastKnownFileType = file.storyboard; name = Base; path = Base.lproj/Main.storyboard; sourceTree = "<group>"; };
		F0AE4B45298ED93D00D570C2 /* Assets.xcassets */ = {isa = PBXFileReference; lastKnownFileType = folder.assetcatalog; path = Assets.xcassets; sourceTree = "<group>"; };
		F0AE4B48298ED93D00D570C2 /* Base */ = {isa = PBXFileReference; lastKnownFileType = file.storyboard; name = Base; path = Base.lproj/LaunchScreen.storyboard; sourceTree = "<group>"; };
		F0AE4B4A298ED93D00D570C2 /* Info.plist */ = {isa = PBXFileReference; lastKnownFileType = text.plist.xml; path = Info.plist; sourceTree = "<group>"; };
/* End PBXFileReference section */

/* Begin PBXFrameworksBuildPhase section */
		F0AE4B36298ED93D00D570C2 /* Frameworks */ = {
			isa = PBXFrameworksBuildPhase;
			buildActionMask = 2147483647;
			files = (
			);
			runOnlyForDeploymentPostprocessing = 0;
		};
/* End PBXFrameworksBuildPhase section */

/* Begin PBXGroup section */
		F0535726298EEA8400350588 /* Model */ = {
			isa = PBXGroup;
			children = (
				F053572A298EEB4200350588 /* News.swift */,
			);
			path = Model;
			sourceTree = "<group>";
		};
		F0535727298EEA8F00350588 /* View */ = {
			isa = PBXGroup;
			children = (
			);
			path = View;
			sourceTree = "<group>";
		};
		F0535728298EEA9600350588 /* Controller */ = {
			isa = PBXGroup;
			children = (
				F053572C298EFD9B00350588 /* NewsViewController.swift */,
			);
			path = Controller;
			sourceTree = "<group>";
		};
		F0535729298EEAA600350588 /* Storyboard */ = {
			isa = PBXGroup;
			children = (
				F0AE4B42298ED93D00D570C2 /* Main.storyboard */,
				F0AE4B47298ED93D00D570C2 /* LaunchScreen.storyboard */,
			);
			path = Storyboard;
			sourceTree = "<group>";
		};
		F0AE4B30298ED93C00D570C2 = {
			isa = PBXGroup;
			children = (
				F0AE4B3B298ED93D00D570C2 /* intro-lab-rororu */,
				F0AE4B3A298ED93D00D570C2 /* Products */,
			);
			sourceTree = "<group>";
		};
		F0AE4B3A298ED93D00D570C2 /* Products */ = {
			isa = PBXGroup;
			children = (
				F0AE4B39298ED93D00D570C2 /* intro-lab-rororu.app */,
			);
			name = Products;
			sourceTree = "<group>";
		};
		F0AE4B3B298ED93D00D570C2 /* intro-lab-rororu */ = {
			isa = PBXGroup;
			children = (
				F0535729298EEAA600350588 /* Storyboard */,
				F0535728298EEA9600350588 /* Controller */,
				F0535727298EEA8F00350588 /* View */,
				F0535726298EEA8400350588 /* Model */,
				F0AE4B3C298ED93D00D570C2 /* AppDelegate.swift */,
				F0AE4B3E298ED93D00D570C2 /* SceneDelegate.swift */,
				F0AE4B45298ED93D00D570C2 /* Assets.xcassets */,
				F0AE4B4A298ED93D00D570C2 /* Info.plist */,
			);
			path = "intro-lab-rororu";
			sourceTree = "<group>";
		};
/* End PBXGroup section */

/* Begin PBXNativeTarget section */
		F0AE4B38298ED93D00D570C2 /* intro-lab-rororu */ = {
			isa = PBXNativeTarget;
			buildConfigurationList = F0AE4B4D298ED93D00D570C2 /* Build configuration list for PBXNativeTarget "intro-lab-rororu" */;
			buildPhases = (
				F0AE4B35298ED93D00D570C2 /* Sources */,
				F0AE4B36298ED93D00D570C2 /* Frameworks */,
				F0AE4B37298ED93D00D570C2 /* Resources */,
			);
			buildRules = (
			);
			dependencies = (
			);
			name = "intro-lab-rororu";
			productName = "intro-lab-rororu";
			productReference = F0AE4B39298ED93D00D570C2 /* intro-lab-rororu.app */;
			productType = "com.apple.product-type.application";
		};
/* End PBXNativeTarget section */

/* Begin PBXProject section */
		F0AE4B31298ED93C00D570C2 /* Project object */ = {
			isa = PBXProject;
			attributes = {
				BuildIndependentTargetsInParallel = 1;
				LastSwiftUpdateCheck = 1410;
				LastUpgradeCheck = 1410;
				TargetAttributes = {
					F0AE4B38298ED93D00D570C2 = {
						CreatedOnToolsVersion = 14.1;
					};
				};
			};
			buildConfigurationList = F0AE4B34298ED93C00D570C2 /* Build configuration list for PBXProject "intro-lab-rororu" */;
			compatibilityVersion = "Xcode 14.0";
			developmentRegion = en;
			hasScannedForEncodings = 0;
			knownRegions = (
				en,
				Base,
			);
			mainGroup = F0AE4B30298ED93C00D570C2;
			productRefGroup = F0AE4B3A298ED93D00D570C2 /* Products */;
			projectDirPath = "";
			projectRoot = "";
			targets = (
				F0AE4B38298ED93D00D570C2 /* intro-lab-rororu */,
			);
		};
/* End PBXProject section */

/* Begin PBXResourcesBuildPhase section */
		F0AE4B37298ED93D00D570C2 /* Resources */ = {
			isa = PBXResourcesBuildPhase;
			buildActionMask = 2147483647;
			files = (
				F0AE4B49298ED93D00D570C2 /* LaunchScreen.storyboard in Resources */,
				F0AE4B46298ED93D00D570C2 /* Assets.xcassets in Resources */,
				F0AE4B44298ED93D00D570C2 /* Main.storyboard in Resources */,
			);
			runOnlyForDeploymentPostprocessing = 0;
		};
/* End PBXResourcesBuildPhase section */

/* Begin PBXSourcesBuildPhase section */
		F0AE4B35298ED93D00D570C2 /* Sources */ = {
			isa = PBXSourcesBuildPhase;
			buildActionMask = 2147483647;
			files = (
				F0AE4B3D298ED93D00D570C2 /* AppDelegate.swift in Sources */,
				F053572B298EEB4200350588 /* News.swift in Sources */,
				F0AE4B3F298ED93D00D570C2 /* SceneDelegate.swift in Sources */,
				F053572D298EFD9B00350588 /* NewsViewController.swift in Sources */,
			);
			runOnlyForDeploymentPostprocessing = 0;
		};
/* End PBXSourcesBuildPhase section */

/* Begin PBXVariantGroup section */
		F0AE4B42298ED93D00D570C2 /* Main.storyboard */ = {
			isa = PBXVariantGroup;
			children = (
				F0AE4B43298ED93D00D570C2 /* Base */,
			);
			name = Main.storyboard;
			sourceTree = "<group>";
		};
		F0AE4B47298ED93D00D570C2 /* LaunchScreen.storyboard */ = {
			isa = PBXVariantGroup;
			children = (
				F0AE4B48298ED93D00D570C2 /* Base */,
			);
			name = LaunchScreen.storyboard;
			sourceTree = "<group>";
		};
/* End PBXVariantGroup section */

/* Begin XCBuildConfiguration section */
		F0AE4B4B298ED93D00D570C2 /* Debug */ = {
			isa = XCBuildConfiguration;
			buildSettings = {
				ALWAYS_SEARCH_USER_PATHS = NO;
				CLANG_ANALYZER_NONNULL = YES;
				CLANG_ANALYZER_NUMBER_OBJECT_CONVERSION = YES_AGGRESSIVE;
				CLANG_CXX_LANGUAGE_STANDARD = "gnu++20";
				CLANG_ENABLE_MODULES = YES;
				CLANG_ENABLE_OBJC_ARC = YES;
				CLANG_ENABLE_OBJC_WEAK = YES;
				CLANG_WARN_BLOCK_CAPTURE_AUTORELEASING = YES;
				CLANG_WARN_BOOL_CONVERSION = YES;
				CLANG_WARN_COMMA = YES;
				CLANG_WARN_CONSTANT_CONVERSION = YES;
				CLANG_WARN_DEPRECATED_OBJC_IMPLEMENTATIONS = YES;
				CLANG_WARN_DIRECT_OBJC_ISA_USAGE = YES_ERROR;
				CLANG_WARN_DOCUMENTATION_COMMENTS = YES;
				CLANG_WARN_EMPTY_BODY = YES;
				CLANG_WARN_ENUM_CONVERSION = YES;
				CLANG_WARN_INFINITE_RECURSION = YES;
				CLANG_WARN_INT_CONVERSION = YES;
				CLANG_WARN_NON_LITERAL_NULL_CONVERSION = YES;
				CLANG_WARN_OBJC_IMPLICIT_RETAIN_SELF = YES;
				CLANG_WARN_OBJC_LITERAL_CONVERSION = YES;
				CLANG_WARN_OBJC_ROOT_CLASS = YES_ERROR;
				CLANG_WARN_QUOTED_INCLUDE_IN_FRAMEWORK_HEADER = YES;
				CLANG_WARN_RANGE_LOOP_ANALYSIS = YES;
				CLANG_WARN_STRICT_PROTOTYPES = YES;
				CLANG_WARN_SUSPICIOUS_MOVE = YES;
				CLANG_WARN_UNGUARDED_AVAILABILITY = YES_AGGRESSIVE;
				CLANG_WARN_UNREACHABLE_CODE = YES;
				CLANG_WARN__DUPLICATE_METHOD_MATCH = YES;
				COPY_PHASE_STRIP = NO;
				DEBUG_INFORMATION_FORMAT = dwarf;
				ENABLE_STRICT_OBJC_MSGSEND = YES;
				ENABLE_TESTABILITY = YES;
				GCC_C_LANGUAGE_STANDARD = gnu11;
				GCC_DYNAMIC_NO_PIC = NO;
				GCC_NO_COMMON_BLOCKS = YES;
				GCC_OPTIMIZATION_LEVEL = 0;
				GCC_PREPROCESSOR_DEFINITIONS = (
					"DEBUG=1",
					"$(inherited)",
				);
				GCC_WARN_64_TO_32_BIT_CONVERSION = YES;
				GCC_WARN_ABOUT_RETURN_TYPE = YES_ERROR;
				GCC_WARN_UNDECLARED_SELECTOR = YES;
				GCC_WARN_UNINITIALIZED_AUTOS = YES_AGGRESSIVE;
				GCC_WARN_UNUSED_FUNCTION = YES;
				GCC_WARN_UNUSED_VARIABLE = YES;
				IPHONEOS_DEPLOYMENT_TARGET = 16.1;
				MTL_ENABLE_DEBUG_INFO = INCLUDE_SOURCE;
				MTL_FAST_MATH = YES;
				ONLY_ACTIVE_ARCH = YES;
				SDKROOT = iphoneos;
				SWIFT_ACTIVE_COMPILATION_CONDITIONS = DEBUG;
				SWIFT_OPTIMIZATION_LEVEL = "-Onone";
			};
			name = Debug;
		};
		F0AE4B4C298ED93D00D570C2 /* Release */ = {
			isa = XCBuildConfiguration;
			buildSettings = {
				ALWAYS_SEARCH_USER_PATHS = NO;
				CLANG_ANALYZER_NONNULL = YES;
				CLANG_ANALYZER_NUMBER_OBJECT_CONVERSION = YES_AGGRESSIVE;
				CLANG_CXX_LANGUAGE_STANDARD = "gnu++20";
				CLANG_ENABLE_MODULES = YES;
				CLANG_ENABLE_OBJC_ARC = YES;
				CLANG_ENABLE_OBJC_WEAK = YES;
				CLANG_WARN_BLOCK_CAPTURE_AUTORELEASING = YES;
				CLANG_WARN_BOOL_CONVERSION = YES;
				CLANG_WARN_COMMA = YES;
				CLANG_WARN_CONSTANT_CONVERSION = YES;
				CLANG_WARN_DEPRECATED_OBJC_IMPLEMENTATIONS = YES;
				CLANG_WARN_DIRECT_OBJC_ISA_USAGE = YES_ERROR;
				CLANG_WARN_DOCUMENTATION_COMMENTS = YES;
				CLANG_WARN_EMPTY_BODY = YES;
				CLANG_WARN_ENUM_CONVERSION = YES;
				CLANG_WARN_INFINITE_RECURSION = YES;
				CLANG_WARN_INT_CONVERSION = YES;
				CLANG_WARN_NON_LITERAL_NULL_CONVERSION = YES;
				CLANG_WARN_OBJC_IMPLICIT_RETAIN_SELF = YES;
				CLANG_WARN_OBJC_LITERAL_CONVERSION = YES;
				CLANG_WARN_OBJC_ROOT_CLASS = YES_ERROR;
				CLANG_WARN_QUOTED_INCLUDE_IN_FRAMEWORK_HEADER = YES;
				CLANG_WARN_RANGE_LOOP_ANALYSIS = YES;
				CLANG_WARN_STRICT_PROTOTYPES = YES;
				CLANG_WARN_SUSPICIOUS_MOVE = YES;
				CLANG_WARN_UNGUARDED_AVAILABILITY = YES_AGGRESSIVE;
				CLANG_WARN_UNREACHABLE_CODE = YES;
				CLANG_WARN__DUPLICATE_METHOD_MATCH = YES;
				COPY_PHASE_STRIP = NO;
				DEBUG_INFORMATION_FORMAT = "dwarf-with-dsym";
				ENABLE_NS_ASSERTIONS = NO;
				ENABLE_STRICT_OBJC_MSGSEND = YES;
				GCC_C_LANGUAGE_STANDARD = gnu11;
				GCC_NO_COMMON_BLOCKS = YES;
				GCC_WARN_64_TO_32_BIT_CONVERSION = YES;
				GCC_WARN_ABOUT_RETURN_TYPE = YES_ERROR;
				GCC_WARN_UNDECLARED_SELECTOR = YES;
				GCC_WARN_UNINITIALIZED_AUTOS = YES_AGGRESSIVE;
				GCC_WARN_UNUSED_FUNCTION = YES;
				GCC_WARN_UNUSED_VARIABLE = YES;
				IPHONEOS_DEPLOYMENT_TARGET = 16.1;
				MTL_ENABLE_DEBUG_INFO = NO;
				MTL_FAST_MATH = YES;
				SDKROOT = iphoneos;
				SWIFT_COMPILATION_MODE = wholemodule;
				SWIFT_OPTIMIZATION_LEVEL = "-O";
				VALIDATE_PRODUCT = YES;
			};
			name = Release;
		};
		F0AE4B4E298ED93D00D570C2 /* Debug */ = {
			isa = XCBuildConfiguration;
			buildSettings = {
				ASSETCATALOG_COMPILER_APPICON_NAME = AppIcon;
				ASSETCATALOG_COMPILER_GLOBAL_ACCENT_COLOR_NAME = AccentColor;
				CODE_SIGN_STYLE = Automatic;
				CURRENT_PROJECT_VERSION = 1;
				DEVELOPMENT_TEAM = 9JFVB56GLA;
				GENERATE_INFOPLIST_FILE = YES;
				INFOPLIST_FILE = "intro-lab-rororu/Info.plist";
				INFOPLIST_KEY_UIApplicationSupportsIndirectInputEvents = YES;
				INFOPLIST_KEY_UILaunchStoryboardName = LaunchScreen;
				INFOPLIST_KEY_UIMainStoryboardFile = Main;
				INFOPLIST_KEY_UISupportedInterfaceOrientations_iPad = "UIInterfaceOrientationPortrait UIInterfaceOrientationPortraitUpsideDown UIInterfaceOrientationLandscapeLeft UIInterfaceOrientationLandscapeRight";
				INFOPLIST_KEY_UISupportedInterfaceOrientations_iPhone = "UIInterfaceOrientationPortrait UIInterfaceOrientationLandscapeLeft UIInterfaceOrientationLandscapeRight";
				IPHONEOS_DEPLOYMENT_TARGET = 14.0;
				LD_RUNPATH_SEARCH_PATHS = (
					"$(inherited)",
					"@executable_path/Frameworks",
				);
				MARKETING_VERSION = 1.0;
				PRODUCT_BUNDLE_IDENTIFIER = "com.threercompany.intro-lab-rororu";
				PRODUCT_NAME = "$(TARGET_NAME)";
				SWIFT_EMIT_LOC_STRINGS = YES;
				SWIFT_VERSION = 5.0;
				TARGETED_DEVICE_FAMILY = "1,2";
			};
			name = Debug;
		};
		F0AE4B4F298ED93D00D570C2 /* Release */ = {
			isa = XCBuildConfiguration;
			buildSettings = {
				ASSETCATALOG_COMPILER_APPICON_NAME = AppIcon;
				ASSETCATALOG_COMPILER_GLOBAL_ACCENT_COLOR_NAME = AccentColor;
				CODE_SIGN_STYLE = Automatic;
				CURRENT_PROJECT_VERSION = 1;
				DEVELOPMENT_TEAM = 9JFVB56GLA;
				GENERATE_INFOPLIST_FILE = YES;
				INFOPLIST_FILE = "intro-lab-rororu/Info.plist";
				INFOPLIST_KEY_UIApplicationSupportsIndirectInputEvents = YES;
				INFOPLIST_KEY_UILaunchStoryboardName = LaunchScreen;
				INFOPLIST_KEY_UIMainStoryboardFile = Main;
				INFOPLIST_KEY_UISupportedInterfaceOrientations_iPad = "UIInterfaceOrientationPortrait UIInterfaceOrientationPortraitUpsideDown UIInterfaceOrientationLandscapeLeft UIInterfaceOrientationLandscapeRight";
				INFOPLIST_KEY_UISupportedInterfaceOrientations_iPhone = "UIInterfaceOrientationPortrait UIInterfaceOrientationLandscapeLeft UIInterfaceOrientationLandscapeRight";
				IPHONEOS_DEPLOYMENT_TARGET = 14.0;
				LD_RUNPATH_SEARCH_PATHS = (
					"$(inherited)",
					"@executable_path/Frameworks",
				);
				MARKETING_VERSION = 1.0;
				PRODUCT_BUNDLE_IDENTIFIER = "com.threercompany.intro-lab-rororu";
				PRODUCT_NAME = "$(TARGET_NAME)";
				SWIFT_EMIT_LOC_STRINGS = YES;
				SWIFT_VERSION = 5.0;
				TARGETED_DEVICE_FAMILY = "1,2";
			};
			name = Release;
		};
/* End XCBuildConfiguration section */

/* Begin XCConfigurationList section */
		F0AE4B34298ED93C00D570C2 /* Build configuration list for PBXProject "intro-lab-rororu" */ = {
			isa = XCConfigurationList;
			buildConfigurations = (
				F0AE4B4B298ED93D00D570C2 /* Debug */,
				F0AE4B4C298ED93D00D570C2 /* Release */,
			);
			defaultConfigurationIsVisible = 0;
			defaultConfigurationName = Release;
		};
		F0AE4B4D298ED93D00D570C2 /* Build configuration list for PBXNativeTarget "intro-lab-rororu" */ = {
			isa = XCConfigurationList;
			buildConfigurations = (
				F0AE4B4E298ED93D00D570C2 /* Debug */,
				F0AE4B4F298ED93D00D570C2 /* Release */,
			);
			defaultConfigurationIsVisible = 0;
			defaultConfigurationName = Release;
		};
/* End XCConfigurationList section */
	};
	rootObject = F0AE4B31298ED93C00D570C2 /* Project object */;
}
